// !$*UTF8*$!
{
	archiveVersion = 1;
	classes = {
	};
	objectVersion = 46;
	objects = {

/* Begin PBXBuildFile section */
		18049B4C15825A630070FFEB /* CoreLocation.framework in Frameworks */ = {isa = PBXBuildFile; fileRef = 18049B4B15825A630070FFEB /* CoreLocation.framework */; };
		18D1278615683115007EBE28 /* UIKit.framework in Frameworks */ = {isa = PBXBuildFile; fileRef = 18D1278515683115007EBE28 /* UIKit.framework */; };
		18D1278815683115007EBE28 /* Foundation.framework in Frameworks */ = {isa = PBXBuildFile; fileRef = 18D1278715683115007EBE28 /* Foundation.framework */; };
		18D1278A15683115007EBE28 /* CoreGraphics.framework in Frameworks */ = {isa = PBXBuildFile; fileRef = 18D1278915683115007EBE28 /* CoreGraphics.framework */; };
		18D1278C15683115007EBE28 /* CoreData.framework in Frameworks */ = {isa = PBXBuildFile; fileRef = 18D1278B15683115007EBE28 /* CoreData.framework */; };
		18D1279215683115007EBE28 /* InfoPlist.strings in Resources */ = {isa = PBXBuildFile; fileRef = 18D1279015683115007EBE28 /* InfoPlist.strings */; };
		18D1279415683115007EBE28 /* main.m in Sources */ = {isa = PBXBuildFile; fileRef = 18D1279315683115007EBE28 /* main.m */; };
		18D1279815683115007EBE28 /* CFinderAppDelegate.m in Sources */ = {isa = PBXBuildFile; fileRef = 18D1279715683115007EBE28 /* CFinderAppDelegate.m */; };
		18D1279B15683115007EBE28 /* MainStoryboard.storyboard in Resources */ = {isa = PBXBuildFile; fileRef = 18D1279915683115007EBE28 /* MainStoryboard.storyboard */; };
		18D1279E15683115007EBE28 /* ConcertFinderMobile.xcdatamodeld in Sources */ = {isa = PBXBuildFile; fileRef = 18D1279C15683115007EBE28 /* ConcertFinderMobile.xcdatamodeld */; };
		18D127A115683115007EBE28 /* CFinderMasterViewController.m in Sources */ = {isa = PBXBuildFile; fileRef = 18D127A015683115007EBE28 /* CFinderMasterViewController.m */; };
		18D127A415683115007EBE28 /* CFinderDetailViewController.m in Sources */ = {isa = PBXBuildFile; fileRef = 18D127A315683115007EBE28 /* CFinderDetailViewController.m */; };
		18D91623158796C10023AFD7 /* ConcertViewController.m in Sources */ = {isa = PBXBuildFile; fileRef = 18D91622158796C10023AFD7 /* ConcertViewController.m */; };
		18D91627158796E90023AFD7 /* FestivalViewController.m in Sources */ = {isa = PBXBuildFile; fileRef = 18D91626158796E90023AFD7 /* FestivalViewController.m */; };
		18D9162A158797010023AFD7 /* SpectacleViewController.m in Sources */ = {isa = PBXBuildFile; fileRef = 18D91629158797010023AFD7 /* SpectacleViewController.m */; };
/* End PBXBuildFile section */

/* Begin PBXFileReference section */
		18049B4B15825A630070FFEB /* CoreLocation.framework */ = {isa = PBXFileReference; lastKnownFileType = wrapper.framework; name = CoreLocation.framework; path = System/Library/Frameworks/CoreLocation.framework; sourceTree = SDKROOT; };
		18D1278115683115007EBE28 /* ConcertFinderMobile.app */ = {isa = PBXFileReference; explicitFileType = wrapper.application; includeInIndex = 0; path = ConcertFinderMobile.app; sourceTree = BUILT_PRODUCTS_DIR; };
		18D1278515683115007EBE28 /* UIKit.framework */ = {isa = PBXFileReference; lastKnownFileType = wrapper.framework; name = UIKit.framework; path = System/Library/Frameworks/UIKit.framework; sourceTree = SDKROOT; };
		18D1278715683115007EBE28 /* Foundation.framework */ = {isa = PBXFileReference; lastKnownFileType = wrapper.framework; name = Foundation.framework; path = System/Library/Frameworks/Foundation.framework; sourceTree = SDKROOT; };
		18D1278915683115007EBE28 /* CoreGraphics.framework */ = {isa = PBXFileReference; lastKnownFileType = wrapper.framework; name = CoreGraphics.framework; path = System/Library/Frameworks/CoreGraphics.framework; sourceTree = SDKROOT; };
		18D1278B15683115007EBE28 /* CoreData.framework */ = {isa = PBXFileReference; lastKnownFileType = wrapper.framework; name = CoreData.framework; path = System/Library/Frameworks/CoreData.framework; sourceTree = SDKROOT; };
		18D1278F15683115007EBE28 /* ConcertFinderMobile-Info.plist */ = {isa = PBXFileReference; lastKnownFileType = text.plist.xml; path = "ConcertFinderMobile-Info.plist"; sourceTree = "<group>"; };
		18D1279115683115007EBE28 /* en */ = {isa = PBXFileReference; lastKnownFileType = text.plist.strings; name = en; path = en.lproj/InfoPlist.strings; sourceTree = "<group>"; };
		18D1279315683115007EBE28 /* main.m */ = {isa = PBXFileReference; lastKnownFileType = sourcecode.c.objc; path = main.m; sourceTree = "<group>"; };
		18D1279515683115007EBE28 /* ConcertFinderMobile-Prefix.pch */ = {isa = PBXFileReference; lastKnownFileType = sourcecode.c.h; path = "ConcertFinderMobile-Prefix.pch"; sourceTree = "<group>"; };
		18D1279615683115007EBE28 /* CFinderAppDelegate.h */ = {isa = PBXFileReference; lastKnownFileType = sourcecode.c.h; path = CFinderAppDelegate.h; sourceTree = "<group>"; };
		18D1279715683115007EBE28 /* CFinderAppDelegate.m */ = {isa = PBXFileReference; lastKnownFileType = sourcecode.c.objc; path = CFinderAppDelegate.m; sourceTree = "<group>"; };
		18D1279A15683115007EBE28 /* en */ = {isa = PBXFileReference; lastKnownFileType = file.storyboard; name = en; path = en.lproj/MainStoryboard.storyboard; sourceTree = "<group>"; };
		18D1279D15683115007EBE28 /* ConcertFinderMobile.xcdatamodel */ = {isa = PBXFileReference; lastKnownFileType = wrapper.xcdatamodel; path = ConcertFinderMobile.xcdatamodel; sourceTree = "<group>"; };
		18D1279F15683115007EBE28 /* CFinderMasterViewController.h */ = {isa = PBXFileReference; lastKnownFileType = sourcecode.c.h; path = CFinderMasterViewController.h; sourceTree = "<group>"; };
		18D127A015683115007EBE28 /* CFinderMasterViewController.m */ = {isa = PBXFileReference; lastKnownFileType = sourcecode.c.objc; path = CFinderMasterViewController.m; sourceTree = "<group>"; };
		18D127A215683115007EBE28 /* CFinderDetailViewController.h */ = {isa = PBXFileReference; lastKnownFileType = sourcecode.c.h; path = CFinderDetailViewController.h; sourceTree = "<group>"; };
		18D127A315683115007EBE28 /* CFinderDetailViewController.m */ = {isa = PBXFileReference; lastKnownFileType = sourcecode.c.objc; path = CFinderDetailViewController.m; sourceTree = "<group>"; };
		18D91621158796C10023AFD7 /* ConcertViewController.h */ = {isa = PBXFileReference; fileEncoding = 4; lastKnownFileType = sourcecode.c.h; path = ConcertViewController.h; sourceTree = "<group>"; };
		18D91622158796C10023AFD7 /* ConcertViewController.m */ = {isa = PBXFileReference; fileEncoding = 4; lastKnownFileType = sourcecode.c.objc; path = ConcertViewController.m; sourceTree = "<group>"; };
		18D91625158796E90023AFD7 /* FestivalViewController.h */ = {isa = PBXFileReference; fileEncoding = 4; lastKnownFileType = sourcecode.c.h; path = FestivalViewController.h; sourceTree = "<group>"; };
		18D91626158796E90023AFD7 /* FestivalViewController.m */ = {isa = PBXFileReference; fileEncoding = 4; lastKnownFileType = sourcecode.c.objc; path = FestivalViewController.m; sourceTree = "<group>"; };
		18D91628158797010023AFD7 /* SpectacleViewController.h */ = {isa = PBXFileReference; fileEncoding = 4; lastKnownFileType = sourcecode.c.h; path = SpectacleViewController.h; sourceTree = "<group>"; };
		18D91629158797010023AFD7 /* SpectacleViewController.m */ = {isa = PBXFileReference; fileEncoding = 4; lastKnownFileType = sourcecode.c.objc; path = SpectacleViewController.m; sourceTree = "<group>"; };
/* End PBXFileReference section */

/* Begin PBXFrameworksBuildPhase section */
		18D1277E15683115007EBE28 /* Frameworks */ = {
			isa = PBXFrameworksBuildPhase;
			buildActionMask = 2147483647;
			files = (
				18049B4C15825A630070FFEB /* CoreLocation.framework in Frameworks */,
				18D1278615683115007EBE28 /* UIKit.framework in Frameworks */,
				18D1278815683115007EBE28 /* Foundation.framework in Frameworks */,
				18D1278A15683115007EBE28 /* CoreGraphics.framework in Frameworks */,
				18D1278C15683115007EBE28 /* CoreData.framework in Frameworks */,
			);
			runOnlyForDeploymentPostprocessing = 0;
		};
/* End PBXFrameworksBuildPhase section */

/* Begin PBXGroup section */
		18D1277615683115007EBE28 = {
			isa = PBXGroup;
			children = (
				18049B4B15825A630070FFEB /* CoreLocation.framework */,
				18D1278D15683115007EBE28 /* ConcertFinderMobile */,
				18D1278415683115007EBE28 /* Frameworks */,
				18D1278215683115007EBE28 /* Products */,
			);
			sourceTree = "<group>";
		};
		18D1278215683115007EBE28 /* Products */ = {
			isa = PBXGroup;
			children = (
				18D1278115683115007EBE28 /* ConcertFinderMobile.app */,
			);
			name = Products;
			sourceTree = "<group>";
		};
		18D1278415683115007EBE28 /* Frameworks */ = {
			isa = PBXGroup;
			children = (
				18D1278515683115007EBE28 /* UIKit.framework */,
				18D1278715683115007EBE28 /* Foundation.framework */,
				18D1278915683115007EBE28 /* CoreGraphics.framework */,
				18D1278B15683115007EBE28 /* CoreData.framework */,
			);
			name = Frameworks;
			sourceTree = "<group>";
		};
		18D1278D15683115007EBE28 /* ConcertFinderMobile */ = {
			isa = PBXGroup;
			children = (
				18D91625158796E90023AFD7 /* FestivalViewController.h */,
				18D91626158796E90023AFD7 /* FestivalViewController.m */,
				18D1279615683115007EBE28 /* CFinderAppDelegate.h */,
				18D1279715683115007EBE28 /* CFinderAppDelegate.m */,
				18D1279915683115007EBE28 /* MainStoryboard.storyboard */,
				18D1279F15683115007EBE28 /* CFinderMasterViewController.h */,
				18D127A015683115007EBE28 /* CFinderMasterViewController.m */,
				18D127A215683115007EBE28 /* CFinderDetailViewController.h */,
				18D127A315683115007EBE28 /* CFinderDetailViewController.m */,
				18D1279C15683115007EBE28 /* ConcertFinderMobile.xcdatamodeld */,
				18D1278E15683115007EBE28 /* Supporting Files */,
				18D91621158796C10023AFD7 /* ConcertViewController.h */,
				18D91622158796C10023AFD7 /* ConcertViewController.m */,
				18D91628158797010023AFD7 /* SpectacleViewController.h */,
				18D91629158797010023AFD7 /* SpectacleViewController.m */,
			);
			path = ConcertFinderMobile;
			sourceTree = "<group>";
		};
		18D1278E15683115007EBE28 /* Supporting Files */ = {
			isa = PBXGroup;
			children = (
				18D1278F15683115007EBE28 /* ConcertFinderMobile-Info.plist */,
				18D1279015683115007EBE28 /* InfoPlist.strings */,
				18D1279315683115007EBE28 /* main.m */,
				18D1279515683115007EBE28 /* ConcertFinderMobile-Prefix.pch */,
			);
			name = "Supporting Files";
			sourceTree = "<group>";
		};
/* End PBXGroup section */

/* Begin PBXNativeTarget section */
		18D1278015683115007EBE28 /* ConcertFinderMobile */ = {
			isa = PBXNativeTarget;
			buildConfigurationList = 18D127A715683115007EBE28 /* Build configuration list for PBXNativeTarget "ConcertFinderMobile" */;
			buildPhases = (
				18D1277D15683115007EBE28 /* Sources */,
				18D1277E15683115007EBE28 /* Frameworks */,
				18D1277F15683115007EBE28 /* Resources */,
			);
			buildRules = (
			);
			dependencies = (
			);
			name = ConcertFinderMobile;
			productName = ConcertFinderMobile;
			productReference = 18D1278115683115007EBE28 /* ConcertFinderMobile.app */;
			productType = "com.apple.product-type.application";
		};
/* End PBXNativeTarget section */

/* Begin PBXProject section */
		18D1277815683115007EBE28 /* Project object */ = {
			isa = PBXProject;
			attributes = {
				LastUpgradeCheck = 0420;
				ORGANIZATIONNAME = Epita;
			};
			buildConfigurationList = 18D1277B15683115007EBE28 /* Build configuration list for PBXProject "ConcertFinderMobile" */;
			compatibilityVersion = "Xcode 3.2";
			developmentRegion = English;
			hasScannedForEncodings = 0;
			knownRegions = (
				en,
			);
			mainGroup = 18D1277615683115007EBE28;
			productRefGroup = 18D1278215683115007EBE28 /* Products */;
			projectDirPath = "";
			projectRoot = "";
			targets = (
				18D1278015683115007EBE28 /* ConcertFinderMobile */,
			);
		};
/* End PBXProject section */

/* Begin PBXResourcesBuildPhase section */
		18D1277F15683115007EBE28 /* Resources */ = {
			isa = PBXResourcesBuildPhase;
			buildActionMask = 2147483647;
			files = (
				18D1279215683115007EBE28 /* InfoPlist.strings in Resources */,
				18D1279B15683115007EBE28 /* MainStoryboard.storyboard in Resources */,
			);
			runOnlyForDeploymentPostprocessing = 0;
		};
/* End PBXResourcesBuildPhase section */

/* Begin PBXSourcesBuildPhase section */
		18D1277D15683115007EBE28 /* Sources */ = {
			isa = PBXSourcesBuildPhase;
			buildActionMask = 2147483647;
			files = (
				18D1279415683115007EBE28 /* main.m in Sources */,
				18D1279815683115007EBE28 /* CFinderAppDelegate.m in Sources */,
				18D1279E15683115007EBE28 /* ConcertFinderMobile.xcdatamodeld in Sources */,
				18D127A115683115007EBE28 /* CFinderMasterViewController.m in Sources */,
				18D127A415683115007EBE28 /* CFinderDetailViewController.m in Sources */,
				18D91623158796C10023AFD7 /* ConcertViewController.m in Sources */,
				18D91627158796E90023AFD7 /* FestivalViewController.m in Sources */,
				18D9162A158797010023AFD7 /* SpectacleViewController.m in Sources */,
			);
			runOnlyForDeploymentPostprocessing = 0;
		};
/* End PBXSourcesBuildPhase section */

/* Begin PBXVariantGroup section */
		18D1279015683115007EBE28 /* InfoPlist.strings */ = {
			isa = PBXVariantGroup;
			children = (
				18D1279115683115007EBE28 /* en */,
			);
			name = InfoPlist.strings;
			sourceTree = "<group>";
		};
		18D1279915683115007EBE28 /* MainStoryboard.storyboard */ = {
			isa = PBXVariantGroup;
			children = (
				18D1279A15683115007EBE28 /* en */,
			);
			name = MainStoryboard.storyboard;
			sourceTree = "<group>";
		};
/* End PBXVariantGroup section */

/* Begin XCBuildConfiguration section */
		18D127A515683115007EBE28 /* Debug */ = {
			isa = XCBuildConfiguration;
			buildSettings = {
				ALWAYS_SEARCH_USER_PATHS = NO;
				ARCHS = "$(ARCHS_STANDARD_32_BIT)";
				CLANG_ENABLE_OBJC_ARC = YES;
				"CODE_SIGN_IDENTITY[sdk=iphoneos*]" = "iPhone Developer";
				COPY_PHASE_STRIP = NO;
				GCC_C_LANGUAGE_STANDARD = gnu99;
				GCC_DYNAMIC_NO_PIC = NO;
				GCC_OPTIMIZATION_LEVEL = 0;
				GCC_PREPROCESSOR_DEFINITIONS = (
					"DEBUG=1",
					"$(inherited)",
				);
				GCC_SYMBOLS_PRIVATE_EXTERN = NO;
				GCC_VERSION = com.apple.compilers.llvm.clang.1_0;
				GCC_WARN_ABOUT_MISSING_PROTOTYPES = YES;
				GCC_WARN_ABOUT_RETURN_TYPE = YES;
				GCC_WARN_UNUSED_VARIABLE = YES;
				IPHONEOS_DEPLOYMENT_TARGET = 5.0;
				SDKROOT = iphoneos;
			};
			name = Debug;
		};
		18D127A615683115007EBE28 /* Release */ = {
			isa = XCBuildConfiguration;
			buildSettings = {
				ALWAYS_SEARCH_USER_PATHS = NO;
				ARCHS = "$(ARCHS_STANDARD_32_BIT)";
				CLANG_ENABLE_OBJC_ARC = YES;
				"CODE_SIGN_IDENTITY[sdk=iphoneos*]" = "iPhone Developer";
				COPY_PHASE_STRIP = YES;
				GCC_C_LANGUAGE_STANDARD = gnu99;
				GCC_VERSION = com.apple.compilers.llvm.clang.1_0;
				GCC_WARN_ABOUT_MISSING_PROTOTYPES = YES;
				GCC_WARN_ABOUT_RETURN_TYPE = YES;
				GCC_WARN_UNUSED_VARIABLE = YES;
				IPHONEOS_DEPLOYMENT_TARGET = 5.0;
				OTHER_CFLAGS = "-DNS_BLOCK_ASSERTIONS=1";
				SDKROOT = iphoneos;
				VALIDATE_PRODUCT = YES;
			};
			name = Release;
		};
		18D127A815683115007EBE28 /* Debug */ = {
			isa = XCBuildConfiguration;
			buildSettings = {
				GCC_PRECOMPILE_PREFIX_HEADER = YES;
				GCC_PREFIX_HEADER = "ConcertFinderMobile/ConcertFinderMobile-Prefix.pch";
				INFOPLIST_FILE = "ConcertFinderMobile/ConcertFinderMobile-Info.plist";
				PRODUCT_NAME = "$(TARGET_NAME)";
				WRAPPER_EXTENSION = app;
			};
			name = Debug;
		};
		18D127A915683115007EBE28 /* Release */ = {
			isa = XCBuildConfiguration;
			buildSettings = {
				GCC_PRECOMPILE_PREFIX_HEADER = YES;
				GCC_PREFIX_HEADER = "ConcertFinderMobile/ConcertFinderMobile-Prefix.pch";
				INFOPLIST_FILE = "ConcertFinderMobile/ConcertFinderMobile-Info.plist";
				PRODUCT_NAME = "$(TARGET_NAME)";
				WRAPPER_EXTENSION = app;
			};
			name = Release;
		};
/* End XCBuildConfiguration section */

/* Begin XCConfigurationList section */
		18D1277B15683115007EBE28 /* Build configuration list for PBXProject "ConcertFinderMobile" */ = {
			isa = XCConfigurationList;
			buildConfigurations = (
				18D127A515683115007EBE28 /* Debug */,
				18D127A615683115007EBE28 /* Release */,
			);
			defaultConfigurationIsVisible = 0;
			defaultConfigurationName = Release;
		};
		18D127A715683115007EBE28 /* Build configuration list for PBXNativeTarget "ConcertFinderMobile" */ = {
			isa = XCConfigurationList;
			buildConfigurations = (
				18D127A815683115007EBE28 /* Debug */,
				18D127A915683115007EBE28 /* Release */,
			);
			defaultConfigurationIsVisible = 0;
			defaultConfigurationName = Release;
		};
/* End XCConfigurationList section */

/* Begin XCVersionGroup section */
		18D1279C15683115007EBE28 /* ConcertFinderMobile.xcdatamodeld */ = {
			isa = XCVersionGroup;
			children = (
				18D1279D15683115007EBE28 /* ConcertFinderMobile.xcdatamodel */,
			);
			currentVersion = 18D1279D15683115007EBE28 /* ConcertFinderMobile.xcdatamodel */;
			path = ConcertFinderMobile.xcdatamodeld;
			sourceTree = "<group>";
			versionGroupType = wrapper.xcdatamodel;
		};
/* End XCVersionGroup section */
	};
	rootObject = 18D1277815683115007EBE28 /* Project object */;
}
